
Microsoft Visual Studio Solution File, Format Version 12.00
# Visual Studio Version 17
VisualStudioVersion = 17.4.33213.308
MinimumVisualStudioVersion = 10.0.40219.1
Project("{FAE04EC0-301F-11D3-BF4B-00C04F79EFBC}") = "DoctorWho", "DoctorWho\DoctorWho.csproj", "{87E58303-515E-408E-9A6B-D3CCA84D3315}"
EndProject
Project("{FAE04EC0-301F-11D3-BF4B-00C04F79EFBC}") = "DoctorWho.Db", "DoctorWho.Db\DoctorWho.Db.csproj", "{4887A1CF-06E2-4B47-8AD9-7096DC97B164}"
EndProject
Global
	GlobalSection(SolutionConfigurationPlatforms) = preSolution
		Debug|Any CPU = Debug|Any CPU
		Release|Any CPU = Release|Any CPU
	EndGlobalSection
	GlobalSection(ProjectConfigurationPlatforms) = postSolution
		{87E58303-515E-408E-9A6B-D3CCA84D3315}.Debug|Any CPU.ActiveCfg = Debug|Any CPU
		{87E58303-515E-408E-9A6B-D3CCA84D3315}.Debug|Any CPU.Build.0 = Debug|Any CPU
		{87E58303-515E-408E-9A6B-D3CCA84D3315}.Release|Any CPU.ActiveCfg = Release|Any CPU
		{87E58303-515E-408E-9A6B-D3CCA84D3315}.Release|Any CPU.Build.0 = Release|Any CPU
		{4887A1CF-06E2-4B47-8AD9-7096DC97B164}.Debug|Any CPU.ActiveCfg = Debug|Any CPU
		{4887A1CF-06E2-4B47-8AD9-7096DC97B164}.Debug|Any CPU.Build.0 = Debug|Any CPU
		{4887A1CF-06E2-4B47-8AD9-7096DC97B164}.Release|Any CPU.ActiveCfg = Release|Any CPU
		{4887A1CF-06E2-4B47-8AD9-7096DC97B164}.Release|Any CPU.Build.0 = Release|Any CPU
	EndGlobalSection
	GlobalSection(SolutionProperties) = preSolution
		HideSolutionNode = FALSE
	EndGlobalSection
	GlobalSection(ExtensibilityGlobals) = postSolution
		SolutionGuid = {A9C0C80A-9D81-4569-A3A3-F81168B5400C}
	EndGlobalSection
EndGlobal
